{
  "name": "@skwee357/nodemailer-postmark-transport",
  "version": "0.0.1",
  "lockfileVersion": 3,
  "requires": true,
  "packages": {
    "": {
      "name": "@skwee357/nodemailer-postmark-transport",
      "version": "0.0.1",
      "license": "ISC",
      "dependencies": {
        "postmark": "^3.0.19"
      },
      "devDependencies": {
        "@tsconfig/recommended": "^1.0.3",
        "@types/node": "^20.6.3",
        "@types/nodemailer": "^6.4.10",
        "typescript": "^5.2.2"
      },
      "peerDependencies": {
        "@types/nodemailer": ">=6.x",
        "nodemailer": ">=6.x"
      }
    },
    "node_modules/@tsconfig/recommended": {
      "version": "1.0.3",
      "resolved": "https://registry.npmjs.org/@tsconfig/recommended/-/recommended-1.0.3.tgz",
      "integrity": "sha512-+jby/Guq9H8O7NWgCv6X8VAiQE8Dr/nccsCtL74xyHKhu2Knu5EAKmOZj3nLCnLm1KooUzKY+5DsnGVqhM8/wQ==",
      "dev": true
    },
    "node_modules/@types/node": {
      "version": "20.6.3",
      "resolved": "https://registry.npmjs.org/@types/node/-/node-20.6.3.tgz",
      "integrity": "sha512-HksnYH4Ljr4VQgEy2lTStbCKv/P590tmPe5HqOnv9Gprffgv5WXAY+Y5Gqniu0GGqeTCUdBnzC3QSrzPkBkAMA==",
      "dev": true
    },
    "node_modules/@types/nodemailer": {
      "version": "6.4.10",
      "resolved": "https://registry.npmjs.org/@types/nodemailer/-/nodemailer-6.4.10.tgz",
      "integrity": "sha512-oPW/IdhkU3FyZc1dzeqmS+MBjrjZNiiINnrEOrWALzccJlP5xTlbkNr2YnTnnyj9Eqm5ofjRoASEbrCYpA7BrA==",
      "dev": true,
      "dependencies": {
        "@types/node": "*"
      }
    },
    "node_modules/axios": {
      "version": "0.25.0",
      "resolved": "https://registry.npmjs.org/axios/-/axios-0.25.0.tgz",
      "integrity": "sha512-cD8FOb0tRH3uuEe6+evtAbgJtfxr7ly3fQjYcMcuPlgkwVS9xboaVIpcDV+cYQe+yGykgwZCs1pzjntcGa6l5g==",
      "dependencies": {
        "follow-redirects": "^1.14.7"
      }
    },
    "node_modules/follow-redirects": {
      "version": "1.15.3",
      "resolved": "https://registry.npmjs.org/follow-redirects/-/follow-redirects-1.15.3.tgz",
      "integrity": "sha512-1VzOtuEM8pC9SFU1E+8KfTjZyMztRsgEfwQl44z8A25uy13jSzTj6dyK2Df52iV0vgHCfBwLhDWevLn95w5v6Q==",
      "funding": [
        {
          "type": "individual",
          "url": "https://github.com/sponsors/RubenVerborgh"
        }
      ],
      "engines": {
        "node": ">=4.0"
      },
      "peerDependenciesMeta": {
        "debug": {
          "optional": true
        }
      }
    },
    "node_modules/nodemailer": {
      "version": "6.9.5",
      "resolved": "https://registry.npmjs.org/nodemailer/-/nodemailer-6.9.5.tgz",
      "integrity": "sha512-/dmdWo62XjumuLc5+AYQZeiRj+PRR8y8qKtFCOyuOl1k/hckZd8durUUHs/ucKx6/8kN+wFxqKJlQ/LK/qR5FA==",
      "peer": true,
      "engines": {
        "node": ">=6.0.0"
      }
    },
    "node_modules/postmark": {
      "version": "3.0.19",
      "resolved": "https://registry.npmjs.org/postmark/-/postmark-3.0.19.tgz",
      "integrity": "sha512-ujO8OnL1P60qXCwqLrsQqB4aGHaxrvYP3+wCLilUthKmAv9q88nMFHw5VganNljPmzurrVwvyczQc3AUijP2aw==",
      "dependencies": {
        "axios": "^0.25.0"
      }
    },
    "node_modules/typescript": {
      "version": "5.2.2",
      "resolved": "https://registry.npmjs.org/typescript/-/typescript-5.2.2.tgz",
      "integrity": "sha512-mI4WrpHsbCIcwT9cF4FZvr80QUeKvsUsUvKDoR+X/7XHQH98xYD8YHZg7ANtz2GtZt/CBq2QJ0thkGJMHfqc1w==",
      "dev": true,
      "bin": {
        "tsc": "bin/tsc",
        "tsserver": "bin/tsserver"
      },
      "engines": {
        "node": ">=14.17"
      }
    }
  }
}
